
Microsoft Visual Studio Solution File, Format Version 12.00
Project("{FAE04EC0-301F-11D3-BF4B-00C04F79EFBC}") = "ServiceB", "ServiceB\ServiceB.csproj", "{555402C7-E103-41C3-ABC2-C02DF8612330}"
EndProject
Project("{FAE04EC0-301F-11D3-BF4B-00C04F79EFBC}") = "ServiceB.Tests", "ServiceB.Tests\ServiceB.Tests.csproj", "{5648109D-4DD8-40B3-9DF3-F789516B3810}"
EndProject
Project("{FAE04EC0-301F-11D3-BF4B-00C04F79EFBC}") = "ServiceB.Cmd", "ServiceB.Cmd\ServiceB.Cmd.csproj", "{DCB264E7-C2A1-4B3B-8FFE-32625B9F5879}"
EndProject
Project("{FAE04EC0-301F-11D3-BF4B-00C04F79EFBC}") = "ServiceB.IntegrationTests", "ServiceB.IntegrationTests\ServiceB.IntegrationTests.csproj", "{EE05C33B-A46B-4143-8367-468C980A92A9}"
EndProject
Global
	GlobalSection(SolutionConfigurationPlatforms) = preSolution
		Debug|Any CPU = Debug|Any CPU
		Release|Any CPU = Release|Any CPU
	EndGlobalSection
	GlobalSection(ProjectConfigurationPlatforms) = postSolution
		{555402C7-E103-41C3-ABC2-C02DF8612330}.Debug|Any CPU.ActiveCfg = Debug|Any CPU
		{555402C7-E103-41C3-ABC2-C02DF8612330}.Debug|Any CPU.Build.0 = Debug|Any CPU
		{555402C7-E103-41C3-ABC2-C02DF8612330}.Release|Any CPU.ActiveCfg = Release|Any CPU
		{555402C7-E103-41C3-ABC2-C02DF8612330}.Release|Any CPU.Build.0 = Release|Any CPU
		{5648109D-4DD8-40B3-9DF3-F789516B3810}.Debug|Any CPU.ActiveCfg = Debug|Any CPU
		{5648109D-4DD8-40B3-9DF3-F789516B3810}.Debug|Any CPU.Build.0 = Debug|Any CPU
		{5648109D-4DD8-40B3-9DF3-F789516B3810}.Release|Any CPU.ActiveCfg = Release|Any CPU
		{5648109D-4DD8-40B3-9DF3-F789516B3810}.Release|Any CPU.Build.0 = Release|Any CPU
		{DCB264E7-C2A1-4B3B-8FFE-32625B9F5879}.Debug|Any CPU.ActiveCfg = Debug|Any CPU
		{DCB264E7-C2A1-4B3B-8FFE-32625B9F5879}.Debug|Any CPU.Build.0 = Debug|Any CPU
		{DCB264E7-C2A1-4B3B-8FFE-32625B9F5879}.Release|Any CPU.ActiveCfg = Release|Any CPU
		{DCB264E7-C2A1-4B3B-8FFE-32625B9F5879}.Release|Any CPU.Build.0 = Release|Any CPU
		{EE05C33B-A46B-4143-8367-468C980A92A9}.Debug|Any CPU.ActiveCfg = Debug|Any CPU
		{EE05C33B-A46B-4143-8367-468C980A92A9}.Debug|Any CPU.Build.0 = Debug|Any CPU
		{EE05C33B-A46B-4143-8367-468C980A92A9}.Release|Any CPU.ActiveCfg = Release|Any CPU
		{EE05C33B-A46B-4143-8367-468C980A92A9}.Release|Any CPU.Build.0 = Release|Any CPU
	EndGlobalSection
EndGlobal
